# THIS IS AN AUTOGENERATED FILE. DO NOT EDIT THIS FILE DIRECTLY.
# yarn lockfile v1


"@types/wechat-miniprogram@^3.4.8":
  version "3.4.8"
  resolved "https://registry.yarnpkg.com/@types/wechat-miniprogram/-/wechat-miniprogram-3.4.8.tgz#8591bd380d4f0d8cf6b42f08834b59613b9df7d3"
  integrity sha512-lOqddA707X3SZxVhlZNBZPzYzj7lG/ED2fF30k+aE2oT6R4wfw0Wiup2k2hGrmzYUFyJXfGs01sDCuJMhQMAdg==

"@vant/weapp@^1.11.7":
  version "1.11.7"
  resolved "https://registry.yarnpkg.com/@vant/weapp/-/weapp-1.11.7.tgz#bfd4092970d470719d5e93a6d4ff96746d1cb276"
  integrity sha512-Rwn9BBnb4kHSV4XmvBicwtd42J+amEUfnFDcXJsGNPNX4a9c/DoT6YLsm4X1wB2+sQbdiQsbFBLAvGRBxCkD8g==

miniprogram-api-typings@^4.1.0:
  version "4.1.0"
  resolved "https://registry.yarnpkg.com/miniprogram-api-typings/-/miniprogram-api-typings-4.1.0.tgz#e7cdf69b094269b0da5674790f42f6ff69dbb046"
  integrity sha512-4RBsz27nBKyRkVGoNkRaPx24/KeJBw3zaaIlXDR8s/WBh2PbcUAc+q7wLLbp7Qsmb3bLzzUu7tqAti+B06kmjg==

mp-html@^2.2.1:
  version "2.5.1"
  resolved "https://registry.yarnpkg.com/mp-html/-/mp-html-2.5.1.tgz#01add0eab9e616cd24c775789a9c90994bc08e35"
  integrity sha512-7BEH8dnQ89kOIyjdoYni8zcc0QAg+lgEWg0n9or9q2D4l26JNG+KPzHfttDyisC/5S7aPBblpXrFTYQv475w/Q==

typescript@^5.9.3:
  version "5.9.3"
  resolved "https://registry.yarnpkg.com/typescript/-/typescript-5.9.3.tgz#5b4f59e15310ab17a216f5d6cf53ee476ede670f"
  integrity sha512-jl1vZzPDinLr9eUt3J/t7V6FgNEw9QjvBPdysz9KfQDD41fQrC2Y4vKQdiaUpFT4bXlb1RHhLpp8wtm6M5TgSw==
